{
  "object": {
    "pins": [
      {
        "package": "RunLoopThread",
        "repositoryURL": "https://github.com/happn-app/RunLoopThread.git",
        "state": {
          "branch": null,
          "revision": "a876b9c79c2f51c49ae39ecd083c40740aba1d7f",
          "version": "1.1.0"
        }
      }
    ]
  },
  "version": 1
}
